{
  "lockfile-version": 1,
  "manifest": {
    "version": 1,
    "install": {
      "nodejs": {
        "pkg-path": "nodejs",
        "version": "24.12.0"
      },
      "pnpm": {
        "pkg-path": "pnpm",
        "pkg-group": "pnpm",
        "version": "9.15.3"
      },
      "pre-commit": {
        "pkg-path": "pre-commit"
      },
      "trufflehog": {
        "pkg-path": "trufflehog"
      }
    },
    "hook": {
      "on-activate": "  # Ensure pre-commit hooks are installed\n  if command -v pre-commit &> /dev/null; then\n    pre-commit install\n  fi\n"
    },
    "profile": {},
    "options": {}
  },
  "packages": [
    {
      "attr_path": "pnpm",
      "broken": false,
      "derivation": "/nix/store/5f225cvd3l61g5fab2din4kvzfvja6hn-pnpm-9.15.3.drv",
      "description": "Fast, disk space efficient package manager for JavaScript",
      "install_id": "pnpm",
      "license": "MIT",
      "locked_url": "https://github.com/flox/nixpkgs?rev=eb62e6aa39ea67e0b8018ba8ea077efe65807dc8",
      "name": "pnpm-9.15.3",
      "pname": "pnpm",
      "rev": "eb62e6aa39ea67e0b8018ba8ea077efe65807dc8",
      "rev_count": 738172,
      "rev_date": "2025-01-14T19:41:48Z",
      "scrape_date": "2025-01-16T00:14:48Z",
      "stabilities": [
        "staging",
        "unstable"
      ],
      "unfree": false,
      "version": "9.15.3",
      "outputs_to_install": [
        "out"
      ],
      "outputs": {
        "out": "/nix/store/hhprmwazmgvxqff5zpra2bw0cb12f4sl-pnpm-9.15.3"
      },
      "system": "aarch64-darwin",
      "group": "pnpm",
      "priority": 5
    },
    {
      "attr_path": "pnpm",
      "broken": false,
      "derivation": "/nix/store/pp1sg4jkgfd9xdbjv1was4m3a5qvxil1-pnpm-9.15.3.drv",
      "description": "Fast, disk space efficient package manager for JavaScript",
      "install_id": "pnpm",
      "license": "MIT",
      "locked_url": "https://github.com/flox/nixpkgs?rev=eb62e6aa39ea67e0b8018ba8ea077efe65807dc8",
      "name": "pnpm-9.15.3",
      "pname": "pnpm",
      "rev": "eb62e6aa39ea67e0b8018ba8ea077efe65807dc8",
      "rev_count": 738172,
      "rev_date": "2025-01-14T19:41:48Z",
      "scrape_date": "2025-01-16T00:14:48Z",
      "stabilities": [
        "staging",
        "unstable"
      ],
      "unfree": false,
      "version": "9.15.3",
      "outputs_to_install": [
        "out"
      ],
      "outputs": {
        "out": "/nix/store/id6m5r3zip98l8g9lyvgwv8bvvnn99hq-pnpm-9.15.3"
      },
      "system": "aarch64-linux",
      "group": "pnpm",
      "priority": 5
    },
    {
      "attr_path": "pnpm",
      "broken": false,
      "derivation": "/nix/store/r2b75hhww5m8qdmd4yfyaa6izdahx1ap-pnpm-9.15.3.drv",
      "description": "Fast, disk space efficient package manager for JavaScript",
      "install_id": "pnpm",
      "license": "MIT",
      "locked_url": "https://github.com/flox/nixpkgs?rev=eb62e6aa39ea67e0b8018ba8ea077efe65807dc8",
      "name": "pnpm-9.15.3",
      "pname": "pnpm",
      "rev": "eb62e6aa39ea67e0b8018ba8ea077efe65807dc8",
      "rev_count": 738172,
      "rev_date": "2025-01-14T19:41:48Z",
      "scrape_date": "2025-01-16T00:14:48Z",
      "stabilities": [
        "staging",
        "unstable"
      ],
      "unfree": false,
      "version": "9.15.3",
      "outputs_to_install": [
        "out"
      ],
      "outputs": {
        "out": "/nix/store/4lsfbyj9fl5yf6ar3cfj7vngd5v7rvqg-pnpm-9.15.3"
      },
      "system": "x86_64-darwin",
      "group": "pnpm",
      "priority": 5
    },
    {
      "attr_path": "pnpm",
      "broken": false,
      "derivation": "/nix/store/5r97s3gjbbaazb423y3ccb31ap514q85-pnpm-9.15.3.drv",
      "description": "Fast, disk space efficient package manager for JavaScript",
      "install_id": "pnpm",
      "license": "MIT",
      "locked_url": "https://github.com/flox/nixpkgs?rev=eb62e6aa39ea67e0b8018ba8ea077efe65807dc8",
      "name": "pnpm-9.15.3",
      "pname": "pnpm",
      "rev": "eb62e6aa39ea67e0b8018ba8ea077efe65807dc8",
      "rev_count": 738172,
      "rev_date": "2025-01-14T19:41:48Z",
      "scrape_date": "2025-01-16T00:14:48Z",
      "stabilities": [
        "staging",
        "unstable"
      ],
      "unfree": false,
      "version": "9.15.3",
      "outputs_to_install": [
        "out"
      ],
      "outputs": {
        "out": "/nix/store/p7r1k66dzs1qpkas0jx5v20asih9y37q-pnpm-9.15.3"
      },
      "system": "x86_64-linux",
      "group": "pnpm",
      "priority": 5
    },
    {
      "attr_path": "nodejs",
      "broken": false,
      "derivation": "/nix/store/0crxy15p6jx6v6zc9vdvvhacx50dyy5f-nodejs-24.12.0.drv",
      "description": "Event-driven I/O framework for the V8 JavaScript engine",
      "install_id": "nodejs",
      "license": "MIT",
      "locked_url": "https://github.com/flox/nixpkgs?rev=ffbc9f8cbaacfb331b6017d5a5abb21a492c9a38",
      "name": "nodejs-24.12.0",
      "pname": "nodejs",
      "rev": "ffbc9f8cbaacfb331b6017d5a5abb21a492c9a38",
      "rev_count": 925861,
      "rev_date": "2026-01-11T10:35:08Z",
      "scrape_date": "2026-01-12T02:57:27.659158Z",
      "stabilities": [
        "unstable"
      ],
      "unfree": false,
      "version": "24.12.0",
      "outputs_to_install": [
        "out"
      ],
      "outputs": {
        "dev": "/nix/store/y4517nm523fa98f6rgbdmz9132vrv6vn-nodejs-24.12.0-dev",
        "libv8": "/nix/store/9a86b1m0hnmjl2sicwn9zd54nixfj4zn-nodejs-24.12.0-libv8",
        "out": "/nix/store/q446nk1273bnmphpd5pbw397qxj6x084-nodejs-24.12.0"
      },
      "system": "aarch64-darwin",
      "group": "toplevel",
      "priority": 5
    },
    {
      "attr_path": "nodejs",
      "broken": false,
      "derivation": "/nix/store/6qdkgx54jv0rq505bdsir8088plwxzb0-nodejs-24.12.0.drv",
      "description": "Event-driven I/O framework for the V8 JavaScript engine",
      "install_id": "nodejs",
      "license": "MIT",
      "locked_url": "https://github.com/flox/nixpkgs?rev=ffbc9f8cbaacfb331b6017d5a5abb21a492c9a38",
      "name": "nodejs-24.12.0",
      "pname": "nodejs",
      "rev": "ffbc9f8cbaacfb331b6017d5a5abb21a492c9a38",
      "rev_count": 925861,
      "rev_date": "2026-01-11T10:35:08Z",
      "scrape_date": "2026-01-12T03:13:43.587844Z",
      "stabilities": [
        "unstable"
      ],
      "unfree": false,
      "version": "24.12.0",
      "outputs_to_install": [
        "out"
      ],
      "outputs": {
        "dev": "/nix/store/xi4jjajzf908i6w064nklr3py5s0i4wp-nodejs-24.12.0-dev",
        "libv8": "/nix/store/znwf19i1zcv8nsxisa51bw3b1kaipkw9-nodejs-24.12.0-libv8",
        "out": "/nix/store/dvcc9hh5ia62x2r44zcgsz5gic5yzi3j-nodejs-24.12.0"
      },
      "system": "aarch64-linux",
      "group": "toplevel",
      "priority": 5
    },
    {
      "attr_path": "nodejs",
      "broken": false,
      "derivation": "/nix/store/mqhn7randw3yrjyf5mpkb5xk1zmncbpb-nodejs-24.12.0.drv",
      "description": "Event-driven I/O framework for the V8 JavaScript engine",
      "install_id": "nodejs",
      "license": "MIT",
      "locked_url": "https://github.com/flox/nixpkgs?rev=ffbc9f8cbaacfb331b6017d5a5abb21a492c9a38",
      "name": "nodejs-24.12.0",
      "pname": "nodejs",
      "rev": "ffbc9f8cbaacfb331b6017d5a5abb21a492c9a38",
      "rev_count": 925861,
      "rev_date": "2026-01-11T10:35:08Z",
      "scrape_date": "2026-01-12T03:24:03.209228Z",
      "stabilities": [
        "unstable"
      ],
      "unfree": false,
      "version": "24.12.0",
      "outputs_to_install": [
        "out"
      ],
      "outputs": {
        "dev": "/nix/store/almxqkc9vjzqclb80ii5hh6k20dm4gwq-nodejs-24.12.0-dev",
        "libv8": "/nix/store/mshbd7yawhywp07l6h6zgbfqarv2ad83-nodejs-24.12.0-libv8",
        "out": "/nix/store/1j9jzwfgh2cl4j9sfv37wkm1g1qg5c7i-nodejs-24.12.0"
      },
      "system": "x86_64-darwin",
      "group": "toplevel",
      "priority": 5
    },
    {
      "attr_path": "nodejs",
      "broken": false,
      "derivation": "/nix/store/2kqxghz3iq35znn9nlbxbqg1g3mmdfgb-nodejs-24.12.0.drv",
      "description": "Event-driven I/O framework for the V8 JavaScript engine",
      "install_id": "nodejs",
      "license": "MIT",
      "locked_url": "https://github.com/flox/nixpkgs?rev=ffbc9f8cbaacfb331b6017d5a5abb21a492c9a38",
      "name": "nodejs-24.12.0",
      "pname": "nodejs",
      "rev": "ffbc9f8cbaacfb331b6017d5a5abb21a492c9a38",
      "rev_count": 925861,
      "rev_date": "2026-01-11T10:35:08Z",
      "scrape_date": "2026-01-12T03:34:15.897422Z",
      "stabilities": [
        "unstable"
      ],
      "unfree": false,
      "version": "24.12.0",
      "outputs_to_install": [
        "out"
      ],
      "outputs": {
        "dev": "/nix/store/y4a1pyqcjhp281krkg0zf3d5bga1pbfy-nodejs-24.12.0-dev",
        "libv8": "/nix/store/0hq6zscpapk7h148zv5c2wqwnvy5pdr4-nodejs-24.12.0-libv8",
        "out": "/nix/store/cikdc61gfwvdma6y0p9b5d5d448aqcv6-nodejs-24.12.0"
      },
      "system": "x86_64-linux",
      "group": "toplevel",
      "priority": 5
    },
    {
      "attr_path": "pre-commit",
      "broken": false,
      "derivation": "/nix/store/1qmmb55m1w2kh97jp17xraa8vkmzb2xj-pre-commit-4.5.1.drv",
      "description": "Framework for managing and maintaining multi-language pre-commit hooks",
      "install_id": "pre-commit",
      "license": "MIT",
      "locked_url": "https://github.com/flox/nixpkgs?rev=ffbc9f8cbaacfb331b6017d5a5abb21a492c9a38",
      "name": "pre-commit-4.5.1",
      "pname": "pre-commit",
      "rev": "ffbc9f8cbaacfb331b6017d5a5abb21a492c9a38",
      "rev_count": 925861,
      "rev_date": "2026-01-11T10:35:08Z",
      "scrape_date": "2026-01-12T02:57:39.766223Z",
      "stabilities": [
        "unstable"
      ],
      "unfree": false,
      "version": "4.5.1",
      "outputs_to_install": [
        "out"
      ],
      "outputs": {
        "dist": "/nix/store/ndm3g4yic9gybzjyaxzvxqbmmrzi3d8b-pre-commit-4.5.1-dist",
        "out": "/nix/store/y7afff6v2igvvscviwqkwc49mk94hzxy-pre-commit-4.5.1"
      },
      "system": "aarch64-darwin",
      "group": "toplevel",
      "priority": 5
    },
    {
      "attr_path": "pre-commit",
      "broken": false,
      "derivation": "/nix/store/863xdkglzpd1nmydbwp3zhs802n1qs10-pre-commit-4.5.1.drv",
      "description": "Framework for managing and maintaining multi-language pre-commit hooks",
      "install_id": "pre-commit",
      "license": "MIT",
      "locked_url": "https://github.com/flox/nixpkgs?rev=ffbc9f8cbaacfb331b6017d5a5abb21a492c9a38",
      "name": "pre-commit-4.5.1",
      "pname": "pre-commit",
      "rev": "ffbc9f8cbaacfb331b6017d5a5abb21a492c9a38",
      "rev_count": 925861,
      "rev_date": "2026-01-11T10:35:08Z",
      "scrape_date": "2026-01-12T03:14:00.151264Z",
      "stabilities": [
        "unstable"
      ],
      "unfree": false,
      "version": "4.5.1",
      "outputs_to_install": [
        "out"
      ],
      "outputs": {
        "dist": "/nix/store/a08890vxnspsj9wf9972saqa0rwy5kcx-pre-commit-4.5.1-dist",
        "out": "/nix/store/y2vh3afpi4qiq46hqrmg96qnqbym7wh4-pre-commit-4.5.1"
      },
      "system": "aarch64-linux",
      "group": "toplevel",
      "priority": 5
    },
    {
      "attr_path": "pre-commit",
      "broken": false,
      "derivation": "/nix/store/vqdhd0s63alqxc5f0gkd43w56wszc62f-pre-commit-4.5.1.drv",
      "description": "Framework for managing and maintaining multi-language pre-commit hooks",
      "install_id": "pre-commit",
      "license": "MIT",
      "locked_url": "https://github.com/flox/nixpkgs?rev=ffbc9f8cbaacfb331b6017d5a5abb21a492c9a38",
      "name": "pre-commit-4.5.1",
      "pname": "pre-commit",
      "rev": "ffbc9f8cbaacfb331b6017d5a5abb21a492c9a38",
      "rev_count": 925861,
      "rev_date": "2026-01-11T10:35:08Z",
      "scrape_date": "2026-01-12T03:24:15.708957Z",
      "stabilities": [
        "unstable"
      ],
      "unfree": false,
      "version": "4.5.1",
      "outputs_to_install": [
        "out"
      ],
      "outputs": {
        "dist": "/nix/store/an75bxba9v4712spgir3qx76wpvd6cvc-pre-commit-4.5.1-dist",
        "out": "/nix/store/wyg085f47v7db58mzbkba0qir4qd2w34-pre-commit-4.5.1"
      },
      "system": "x86_64-darwin",
      "group": "toplevel",
      "priority": 5
    },
    {
      "attr_path": "pre-commit",
      "broken": false,
      "derivation": "/nix/store/h6n3dvgcbp0c7p75pphjb8r8chjiy11x-pre-commit-4.5.1.drv",
      "description": "Framework for managing and maintaining multi-language pre-commit hooks",
      "install_id": "pre-commit",
      "license": "MIT",
      "locked_url": "https://github.com/flox/nixpkgs?rev=ffbc9f8cbaacfb331b6017d5a5abb21a492c9a38",
      "name": "pre-commit-4.5.1",
      "pname": "pre-commit",
      "rev": "ffbc9f8cbaacfb331b6017d5a5abb21a492c9a38",
      "rev_count": 925861,
      "rev_date": "2026-01-11T10:35:08Z",
      "scrape_date": "2026-01-12T03:34:34.482503Z",
      "stabilities": [
        "unstable"
      ],
      "unfree": false,
      "version": "4.5.1",
      "outputs_to_install": [
        "out"
      ],
      "outputs": {
        "dist": "/nix/store/55bcdsvif6i0ndvp09j0ccrvk2r9b98w-pre-commit-4.5.1-dist",
        "out": "/nix/store/dkrzzx1xvhs3ibz6p3mq7d35b9fjliw4-pre-commit-4.5.1"
      },
      "system": "x86_64-linux",
      "group": "toplevel",
      "priority": 5
    },
    {
      "attr_path": "trufflehog",
      "broken": false,
      "derivation": "/nix/store/4yffcrm22bkvfavnay2d8xy3pvnv155c-trufflehog-3.92.4.drv",
      "description": "Find credentials all over the place",
      "install_id": "trufflehog",
      "license": "[ AGPL-3.0-only ]",
      "locked_url": "https://github.com/flox/nixpkgs?rev=ffbc9f8cbaacfb331b6017d5a5abb21a492c9a38",
      "name": "trufflehog-3.92.4",
      "pname": "trufflehog",
      "rev": "ffbc9f8cbaacfb331b6017d5a5abb21a492c9a38",
      "rev_count": 925861,
      "rev_date": "2026-01-11T10:35:08Z",
      "scrape_date": "2026-01-12T02:59:07.303809Z",
      "stabilities": [
        "unstable"
      ],
      "unfree": false,
      "version": "3.92.4",
      "outputs_to_install": [
        "out"
      ],
      "outputs": {
        "out": "/nix/store/mrk4lflqq0q6g73piz4cdrp3syr2xq31-trufflehog-3.92.4"
      },
      "system": "aarch64-darwin",
      "group": "toplevel",
      "priority": 5
    },
    {
      "attr_path": "trufflehog",
      "broken": false,
      "derivation": "/nix/store/gph9vw9d5kdvdk9309nq8bszdjjygish-trufflehog-3.92.4.drv",
      "description": "Find credentials all over the place",
      "install_id": "trufflehog",
      "license": "[ AGPL-3.0-only ]",
      "locked_url": "https://github.com/flox/nixpkgs?rev=ffbc9f8cbaacfb331b6017d5a5abb21a492c9a38",
      "name": "trufflehog-3.92.4",
      "pname": "trufflehog",
      "rev": "ffbc9f8cbaacfb331b6017d5a5abb21a492c9a38",
      "rev_count": 925861,
      "rev_date": "2026-01-11T10:35:08Z",
      "scrape_date": "2026-01-12T03:15:44.343835Z",
      "stabilities": [
        "unstable"
      ],
      "unfree": false,
      "version": "3.92.4",
      "outputs_to_install": [
        "out"
      ],
      "outputs": {
        "out": "/nix/store/z8icmsyh2pcgkpw7c7y8q743f45b4z7x-trufflehog-3.92.4"
      },
      "system": "aarch64-linux",
      "group": "toplevel",
      "priority": 5
    },
    {
      "attr_path": "trufflehog",
      "broken": false,
      "derivation": "/nix/store/5gp4wmlanqyxw4k7zvs5lb57f3aj6si1-trufflehog-3.92.4.drv",
      "description": "Find credentials all over the place",
      "install_id": "trufflehog",
      "license": "[ AGPL-3.0-only ]",
      "locked_url": "https://github.com/flox/nixpkgs?rev=ffbc9f8cbaacfb331b6017d5a5abb21a492c9a38",
      "name": "trufflehog-3.92.4",
      "pname": "trufflehog",
      "rev": "ffbc9f8cbaacfb331b6017d5a5abb21a492c9a38",
      "rev_count": 925861,
      "rev_date": "2026-01-11T10:35:08Z",
      "scrape_date": "2026-01-12T03:25:44.950975Z",
      "stabilities": [
        "unstable"
      ],
      "unfree": false,
      "version": "3.92.4",
      "outputs_to_install": [
        "out"
      ],
      "outputs": {
        "out": "/nix/store/s3l9vqkap937svh7d2d6dwypm3ixbzaw-trufflehog-3.92.4"
      },
      "system": "x86_64-darwin",
      "group": "toplevel",
      "priority": 5
    },
    {
      "attr_path": "trufflehog",
      "broken": false,
      "derivation": "/nix/store/sb31ii95g4bilj1yrfgswjhf4malwx1k-trufflehog-3.92.4.drv",
      "description": "Find credentials all over the place",
      "install_id": "trufflehog",
      "license": "[ AGPL-3.0-only ]",
      "locked_url": "https://github.com/flox/nixpkgs?rev=ffbc9f8cbaacfb331b6017d5a5abb21a492c9a38",
      "name": "trufflehog-3.92.4",
      "pname": "trufflehog",
      "rev": "ffbc9f8cbaacfb331b6017d5a5abb21a492c9a38",
      "rev_count": 925861,
      "rev_date": "2026-01-11T10:35:08Z",
      "scrape_date": "2026-01-12T03:36:31.159266Z",
      "stabilities": [
        "unstable"
      ],
      "unfree": false,
      "version": "3.92.4",
      "outputs_to_install": [
        "out"
      ],
      "outputs": {
        "out": "/nix/store/nsv0c48hp6q728ar2hkp9i509lbibdwg-trufflehog-3.92.4"
      },
      "system": "x86_64-linux",
      "group": "toplevel",
      "priority": 5
    }
  ]
}
